PODS:
  - device_info_plus (0.0.1):
    - FlutterMacOS
  - FlutterMacOS (1.0.0)
  - input_capture_injection (0.0.1):
    - FlutterMacOS

DEPENDENCIES:
  - device_info_plus (from `Flutter/ephemeral/.symlinks/plugins/device_info_plus/macos`)
  - FlutterMacOS (from `Flutter/ephemeral`)
  - input_capture_injection (from `Flutter/ephemeral/.symlinks/plugins/input_capture_injection/macos`)

EXTERNAL SOURCES:
  device_info_plus:
    :path: Flutter/ephemeral/.symlinks/plugins/device_info_plus/macos
  FlutterMacOS:
    :path: Flutter/ephemeral
  input_capture_injection:
    :path: Flutter/ephemeral/.symlinks/plugins/input_capture_injection/macos

SPEC CHECKSUMS:
  device_info_plus: a56e6e74dbbd2bb92f2da12c64ddd4f67a749041
  FlutterMacOS: 8f6f14fa908a6fb3fba0cd85dbd81ec4b251fb24
  input_capture_injection: ae6b2a025b9839d82250c37f469171e7ef26de65

PODFILE CHECKSUM: 7eb978b976557c8c1cd717d8185ec483fd090a82

COCOAPODS: 1.16.2
